
Microsoft Visual Studio Solution File, Format Version 12.00
# Visual Studio 15
VisualStudioVersion = 15.0.27703.2042
MinimumVisualStudioVersion = 10.0.40219.1
Project("{FAE04EC0-301F-11D3-BF4B-00C04F79EFBC}") = "app_TWINTER", "app_TWINTER\app_TWINTER.csproj", "{69E792D4-39E0-4C11-AA18-D570C329AB28}"
EndProject
Project("{FAE04EC0-301F-11D3-BF4B-00C04F79EFBC}") = "app_TWINTER.Tests", "app_TWINTER.Tests\app_TWINTER.Tests.csproj", "{80B495FB-101E-4997-8AE7-7898EB633E86}"
EndProject
Global
	GlobalSection(SolutionConfigurationPlatforms) = preSolution
		Debug|Any CPU = Debug|Any CPU
		Release|Any CPU = Release|Any CPU
	EndGlobalSection
	GlobalSection(ProjectConfigurationPlatforms) = postSolution
		{69E792D4-39E0-4C11-AA18-D570C329AB28}.Debug|Any CPU.ActiveCfg = Debug|Any CPU
		{69E792D4-39E0-4C11-AA18-D570C329AB28}.Debug|Any CPU.Build.0 = Debug|Any CPU
		{69E792D4-39E0-4C11-AA18-D570C329AB28}.Release|Any CPU.ActiveCfg = Release|Any CPU
		{69E792D4-39E0-4C11-AA18-D570C329AB28}.Release|Any CPU.Build.0 = Release|Any CPU
		{80B495FB-101E-4997-8AE7-7898EB633E86}.Debug|Any CPU.ActiveCfg = Debug|Any CPU
		{80B495FB-101E-4997-8AE7-7898EB633E86}.Debug|Any CPU.Build.0 = Debug|Any CPU
		{80B495FB-101E-4997-8AE7-7898EB633E86}.Release|Any CPU.ActiveCfg = Release|Any CPU
		{80B495FB-101E-4997-8AE7-7898EB633E86}.Release|Any CPU.Build.0 = Release|Any CPU
	EndGlobalSection
	GlobalSection(SolutionProperties) = preSolution
		HideSolutionNode = FALSE
	EndGlobalSection
	GlobalSection(ExtensibilityGlobals) = postSolution
		SolutionGuid = {4AED5602-3F07-46B5-8020-7FC16DF4FCFF}
	EndGlobalSection
EndGlobal
